// !$*UTF8*$!
{
	archiveVersion = 1;
	classes = {
	};
	objectVersion = 46;
	objects = {

/* Begin PBXBuildFile section */
		1640D1E01EB6995400CCBE2C /* AppDelegate.swift in Sources */ = {isa = PBXBuildFile; fileRef = 1640D1DF1EB6995400CCBE2C /* AppDelegate.swift */; };
		1640D1E21EB6995400CCBE2C /* HomeViewController.swift in Sources */ = {isa = PBXBuildFile; fileRef = 1640D1E11EB6995400CCBE2C /* HomeViewController.swift */; };
		1640D1E51EB6995400CCBE2C /* Main.storyboard in Resources */ = {isa = PBXBuildFile; fileRef = 1640D1E31EB6995400CCBE2C /* Main.storyboard */; };
		1640D1E71EB6995400CCBE2C /* Assets.xcassets in Resources */ = {isa = PBXBuildFile; fileRef = 1640D1E61EB6995400CCBE2C /* Assets.xcassets */; };
		1640D1EA1EB6995400CCBE2C /* LaunchScreen.storyboard in Resources */ = {isa = PBXBuildFile; fileRef = 1640D1E81EB6995400CCBE2C /* LaunchScreen.storyboard */; };
		1640D1F91EB69A8B00CCBE2C /* CoreDataStack.swift in Sources */ = {isa = PBXBuildFile; fileRef = 1640D1F81EB69A8B00CCBE2C /* CoreDataStack.swift */; };
		1640D1FB1EB69AB600CCBE2C /* ClientHelpers.swift in Sources */ = {isa = PBXBuildFile; fileRef = 1640D1FA1EB69AB600CCBE2C /* ClientHelpers.swift */; };
		1640D1FD1EB69AF400CCBE2C /* MarttinenClient.swift in Sources */ = {isa = PBXBuildFile; fileRef = 1640D1FC1EB69AF400CCBE2C /* MarttinenClient.swift */; };
		1640D1FF1EB69B0400CCBE2C /* MarttinenConstants.swift in Sources */ = {isa = PBXBuildFile; fileRef = 1640D1FE1EB69B0400CCBE2C /* MarttinenConstants.swift */; };
		1640D2011EB69B1400CCBE2C /* MarttinenConvenience.swift in Sources */ = {isa = PBXBuildFile; fileRef = 1640D2001EB69B1400CCBE2C /* MarttinenConvenience.swift */; };
		1640D2041EB69B6300CCBE2C /* hymns.json in Resources */ = {isa = PBXBuildFile; fileRef = 1640D2031EB69B6300CCBE2C /* hymns.json */; };
		1640D2061EB69BB700CCBE2C /* HymnViewController.swift in Sources */ = {isa = PBXBuildFile; fileRef = 1640D2051EB69BB700CCBE2C /* HymnViewController.swift */; };
		1640D2081EB6A07A00CCBE2C /* Hymnal.swift in Sources */ = {isa = PBXBuildFile; fileRef = 1640D2071EB6A07A00CCBE2C /* Hymnal.swift */; };
		168CB76B1EBEAF8A00FA1E11 /* ContactViewController.swift in Sources */ = {isa = PBXBuildFile; fileRef = 168CB76A1EBEAF8A00FA1E11 /* ContactViewController.swift */; };
		168CB76D1EBFB27B00FA1E11 /* VerticallyCenteredTextView.swift in Sources */ = {isa = PBXBuildFile; fileRef = 168CB76C1EBFB27B00FA1E11 /* VerticallyCenteredTextView.swift */; };
		16F7B3C81EBE7D530068FC22 /* MarttinenScheduleLine.swift in Sources */ = {isa = PBXBuildFile; fileRef = 16F7B3C71EBE7D530068FC22 /* MarttinenScheduleLine.swift */; };
		16F7B3CA1EBE7D5E0068FC22 /* MarttinenLocality.swift in Sources */ = {isa = PBXBuildFile; fileRef = 16F7B3C91EBE7D5E0068FC22 /* MarttinenLocality.swift */; };
		16F7B3CC1EBE825B0068FC22 /* ScheduleViewController.swift in Sources */ = {isa = PBXBuildFile; fileRef = 16F7B3CB1EBE825B0068FC22 /* ScheduleViewController.swift */; };
		16F7B3CE1EBE82970068FC22 /* GCDBlackBox.swift in Sources */ = {isa = PBXBuildFile; fileRef = 16F7B3CD1EBE82970068FC22 /* GCDBlackBox.swift */; };
		16F7B3D01EBE89440068FC22 /* LocalityViewController.swift in Sources */ = {isa = PBXBuildFile; fileRef = 16F7B3CF1EBE89440068FC22 /* LocalityViewController.swift */; };
/* End PBXBuildFile section */

/* Begin PBXFileReference section */
		1640D1DC1EB6995400CCBE2C /* Hymnal.app */ = {isa = PBXFileReference; explicitFileType = wrapper.application; includeInIndex = 0; path = Hymnal.app; sourceTree = BUILT_PRODUCTS_DIR; };
		1640D1DF1EB6995400CCBE2C /* AppDelegate.swift */ = {isa = PBXFileReference; lastKnownFileType = sourcecode.swift; path = AppDelegate.swift; sourceTree = "<group>"; };
		1640D1E11EB6995400CCBE2C /* HomeViewController.swift */ = {isa = PBXFileReference; lastKnownFileType = sourcecode.swift; path = HomeViewController.swift; sourceTree = "<group>"; };
		1640D1E41EB6995400CCBE2C /* Base */ = {isa = PBXFileReference; lastKnownFileType = file.storyboard; name = Base; path = Base.lproj/Main.storyboard; sourceTree = "<group>"; };
		1640D1E61EB6995400CCBE2C /* Assets.xcassets */ = {isa = PBXFileReference; lastKnownFileType = folder.assetcatalog; path = Assets.xcassets; sourceTree = "<group>"; };
		1640D1E91EB6995400CCBE2C /* Base */ = {isa = PBXFileReference; lastKnownFileType = file.storyboard; name = Base; path = Base.lproj/LaunchScreen.storyboard; sourceTree = "<group>"; };
		1640D1EB1EB6995400CCBE2C /* Info.plist */ = {isa = PBXFileReference; lastKnownFileType = text.plist.xml; path = Info.plist; sourceTree = "<group>"; };
		1640D1F81EB69A8B00CCBE2C /* CoreDataStack.swift */ = {isa = PBXFileReference; fileEncoding = 4; lastKnownFileType = sourcecode.swift; path = CoreDataStack.swift; sourceTree = "<group>"; };
		1640D1FA1EB69AB600CCBE2C /* ClientHelpers.swift */ = {isa = PBXFileReference; fileEncoding = 4; lastKnownFileType = sourcecode.swift; path = ClientHelpers.swift; sourceTree = "<group>"; };
		1640D1FC1EB69AF400CCBE2C /* MarttinenClient.swift */ = {isa = PBXFileReference; fileEncoding = 4; lastKnownFileType = sourcecode.swift; path = MarttinenClient.swift; sourceTree = "<group>"; };
		1640D1FE1EB69B0400CCBE2C /* MarttinenConstants.swift */ = {isa = PBXFileReference; fileEncoding = 4; lastKnownFileType = sourcecode.swift; path = MarttinenConstants.swift; sourceTree = "<group>"; };
		1640D2001EB69B1400CCBE2C /* MarttinenConvenience.swift */ = {isa = PBXFileReference; fileEncoding = 4; lastKnownFileType = sourcecode.swift; path = MarttinenConvenience.swift; sourceTree = "<group>"; };
		1640D2031EB69B6300CCBE2C /* hymns.json */ = {isa = PBXFileReference; fileEncoding = 4; lastKnownFileType = text.json; path = hymns.json; sourceTree = "<group>"; };
		1640D2051EB69BB700CCBE2C /* HymnViewController.swift */ = {isa = PBXFileReference; fileEncoding = 4; lastKnownFileType = sourcecode.swift; path = HymnViewController.swift; sourceTree = "<group>"; };
		1640D2071EB6A07A00CCBE2C /* Hymnal.swift */ = {isa = PBXFileReference; fileEncoding = 4; lastKnownFileType = sourcecode.swift; path = Hymnal.swift; sourceTree = "<group>"; };
		168CB76A1EBEAF8A00FA1E11 /* ContactViewController.swift */ = {isa = PBXFileReference; fileEncoding = 4; lastKnownFileType = sourcecode.swift; path = ContactViewController.swift; sourceTree = "<group>"; };
		168CB76C1EBFB27B00FA1E11 /* VerticallyCenteredTextView.swift */ = {isa = PBXFileReference; fileEncoding = 4; lastKnownFileType = sourcecode.swift; path = VerticallyCenteredTextView.swift; sourceTree = "<group>"; };
		16F7B3C71EBE7D530068FC22 /* MarttinenScheduleLine.swift */ = {isa = PBXFileReference; fileEncoding = 4; lastKnownFileType = sourcecode.swift; path = MarttinenScheduleLine.swift; sourceTree = "<group>"; };
		16F7B3C91EBE7D5E0068FC22 /* MarttinenLocality.swift */ = {isa = PBXFileReference; fileEncoding = 4; lastKnownFileType = sourcecode.swift; path = MarttinenLocality.swift; sourceTree = "<group>"; };
		16F7B3CB1EBE825B0068FC22 /* ScheduleViewController.swift */ = {isa = PBXFileReference; fileEncoding = 4; lastKnownFileType = sourcecode.swift; path = ScheduleViewController.swift; sourceTree = "<group>"; };
		16F7B3CD1EBE82970068FC22 /* GCDBlackBox.swift */ = {isa = PBXFileReference; fileEncoding = 4; lastKnownFileType = sourcecode.swift; path = GCDBlackBox.swift; sourceTree = "<group>"; };
		16F7B3CF1EBE89440068FC22 /* LocalityViewController.swift */ = {isa = PBXFileReference; fileEncoding = 4; lastKnownFileType = sourcecode.swift; path = LocalityViewController.swift; sourceTree = "<group>"; };
/* End PBXFileReference section */

/* Begin PBXFrameworksBuildPhase section */
		1640D1D91EB6995400CCBE2C /* Frameworks */ = {
			isa = PBXFrameworksBuildPhase;
			buildActionMask = 2147483647;
			files = (
			);
			runOnlyForDeploymentPostprocessing = 0;
		};
/* End PBXFrameworksBuildPhase section */

/* Begin PBXGroup section */
		1640D1D31EB6995400CCBE2C = {
			isa = PBXGroup;
			children = (
				1640D1DE1EB6995400CCBE2C /* Hymnal */,
				1640D1DD1EB6995400CCBE2C /* Products */,
			);
			sourceTree = "<group>";
		};
		1640D1DD1EB6995400CCBE2C /* Products */ = {
			isa = PBXGroup;
			children = (
				1640D1DC1EB6995400CCBE2C /* Hymnal.app */,
			);
			name = Products;
			sourceTree = "<group>";
		};
		1640D1DE1EB6995400CCBE2C /* Hymnal */ = {
			isa = PBXGroup;
			children = (
				1640D1DF1EB6995400CCBE2C /* AppDelegate.swift */,
				16F7B3CD1EBE82970068FC22 /* GCDBlackBox.swift */,
				1640D1F11EB69A3100CCBE2C /* Models */,
				1640D1F21EB69A3800CCBE2C /* Views */,
				1640D1F31EB69A3D00CCBE2C /* Controllers */,
				1640D1F71EB69A7200CCBE2C /* Assets */,
				1640D2021EB69B3900CCBE2C /* Supporting Files */,
			);
			path = Hymnal;
			sourceTree = "<group>";
		};
		1640D1F11EB69A3100CCBE2C /* Models */ = {
			isa = PBXGroup;
			children = (
				1640D2071EB6A07A00CCBE2C /* Hymnal.swift */,
				1640D1F41EB69A5400CCBE2C /* Data */,
				1640D1F51EB69A5B00CCBE2C /* Clients */,
			);
			name = Models;
			sourceTree = "<group>";
		};
		1640D1F21EB69A3800CCBE2C /* Views */ = {
			isa = PBXGroup;
			children = (
				168CB76C1EBFB27B00FA1E11 /* VerticallyCenteredTextView.swift */,
			);
			name = Views;
			sourceTree = "<group>";
		};
		1640D1F31EB69A3D00CCBE2C /* Controllers */ = {
			isa = PBXGroup;
			children = (
				1640D1E11EB6995400CCBE2C /* HomeViewController.swift */,
				1640D2051EB69BB700CCBE2C /* HymnViewController.swift */,
				16F7B3CB1EBE825B0068FC22 /* ScheduleViewController.swift */,
				16F7B3CF1EBE89440068FC22 /* LocalityViewController.swift */,
				168CB76A1EBEAF8A00FA1E11 /* ContactViewController.swift */,
			);
			name = Controllers;
			sourceTree = "<group>";
		};
		1640D1F41EB69A5400CCBE2C /* Data */ = {
			isa = PBXGroup;
			children = (
				1640D1F81EB69A8B00CCBE2C /* CoreDataStack.swift */,
			);
			name = Data;
			sourceTree = "<group>";
		};
		1640D1F51EB69A5B00CCBE2C /* Clients */ = {
			isa = PBXGroup;
			children = (
				1640D1F61EB69A6600CCBE2C /* Marttinen */,
				1640D1FA1EB69AB600CCBE2C /* ClientHelpers.swift */,
			);
			name = Clients;
			sourceTree = "<group>";
		};
		1640D1F61EB69A6600CCBE2C /* Marttinen */ = {
			isa = PBXGroup;
			children = (
				1640D1FC1EB69AF400CCBE2C /* MarttinenClient.swift */,
				1640D1FE1EB69B0400CCBE2C /* MarttinenConstants.swift */,
				1640D2001EB69B1400CCBE2C /* MarttinenConvenience.swift */,
				16F7B3C71EBE7D530068FC22 /* MarttinenScheduleLine.swift */,
				16F7B3C91EBE7D5E0068FC22 /* MarttinenLocality.swift */,
			);
			name = Marttinen;
			sourceTree = "<group>";
		};
		1640D1F71EB69A7200CCBE2C /* Assets */ = {
			isa = PBXGroup;
			children = (
				1640D1E81EB6995400CCBE2C /* LaunchScreen.storyboard */,
				1640D1E31EB6995400CCBE2C /* Main.storyboard */,
				1640D1E61EB6995400CCBE2C /* Assets.xcassets */,
				1640D2031EB69B6300CCBE2C /* hymns.json */,
			);
			name = Assets;
			sourceTree = "<group>";
		};
		1640D2021EB69B3900CCBE2C /* Supporting Files */ = {
			isa = PBXGroup;
			children = (
				1640D1EB1EB6995400CCBE2C /* Info.plist */,
			);
			name = "Supporting Files";
			sourceTree = "<group>";
		};
/* End PBXGroup section */

/* Begin PBXNativeTarget section */
		1640D1DB1EB6995400CCBE2C /* Hymnal */ = {
			isa = PBXNativeTarget;
			buildConfigurationList = 1640D1EE1EB6995400CCBE2C /* Build configuration list for PBXNativeTarget "Hymnal" */;
			buildPhases = (
				1640D1D81EB6995400CCBE2C /* Sources */,
				1640D1D91EB6995400CCBE2C /* Frameworks */,
				1640D1DA1EB6995400CCBE2C /* Resources */,
			);
			buildRules = (
			);
			dependencies = (
			);
			name = Hymnal;
			productName = Hymnal;
			productReference = 1640D1DC1EB6995400CCBE2C /* Hymnal.app */;
			productType = "com.apple.product-type.application";
		};
/* End PBXNativeTarget section */

/* Begin PBXProject section */
		1640D1D41EB6995400CCBE2C /* Project object */ = {
			isa = PBXProject;
			attributes = {
				LastSwiftUpdateCheck = 0830;
				LastUpgradeCheck = 0830;
				ORGANIZATIONNAME = "Jacob Marttinen";
				TargetAttributes = {
					1640D1DB1EB6995400CCBE2C = {
						CreatedOnToolsVersion = 8.3.2;
						DevelopmentTeam = 4CSQ7K6KUF;
						ProvisioningStyle = Automatic;
					};
				};
			};
			buildConfigurationList = 1640D1D71EB6995400CCBE2C /* Build configuration list for PBXProject "Hymnal" */;
			compatibilityVersion = "Xcode 3.2";
			developmentRegion = English;
			hasScannedForEncodings = 0;
			knownRegions = (
				en,
				Base,
			);
			mainGroup = 1640D1D31EB6995400CCBE2C;
			productRefGroup = 1640D1DD1EB6995400CCBE2C /* Products */;
			projectDirPath = "";
			projectRoot = "";
			targets = (
				1640D1DB1EB6995400CCBE2C /* Hymnal */,
			);
		};
/* End PBXProject section */

/* Begin PBXResourcesBuildPhase section */
		1640D1DA1EB6995400CCBE2C /* Resources */ = {
			isa = PBXResourcesBuildPhase;
			buildActionMask = 2147483647;
			files = (
				1640D1EA1EB6995400CCBE2C /* LaunchScreen.storyboard in Resources */,
				1640D2041EB69B6300CCBE2C /* hymns.json in Resources */,
				1640D1E71EB6995400CCBE2C /* Assets.xcassets in Resources */,
				1640D1E51EB6995400CCBE2C /* Main.storyboard in Resources */,
			);
			runOnlyForDeploymentPostprocessing = 0;
		};
/* End PBXResourcesBuildPhase section */

/* Begin PBXSourcesBuildPhase section */
		1640D1D81EB6995400CCBE2C /* Sources */ = {
			isa = PBXSourcesBuildPhase;
			buildActionMask = 2147483647;
			files = (
				1640D1FB1EB69AB600CCBE2C /* ClientHelpers.swift in Sources */,
				1640D1FD1EB69AF400CCBE2C /* MarttinenClient.swift in Sources */,
				1640D1FF1EB69B0400CCBE2C /* MarttinenConstants.swift in Sources */,
				16F7B3CC1EBE825B0068FC22 /* ScheduleViewController.swift in Sources */,
				1640D1F91EB69A8B00CCBE2C /* CoreDataStack.swift in Sources */,
				1640D2011EB69B1400CCBE2C /* MarttinenConvenience.swift in Sources */,
				16F7B3C81EBE7D530068FC22 /* MarttinenScheduleLine.swift in Sources */,
				1640D1E21EB6995400CCBE2C /* HomeViewController.swift in Sources */,
				168CB76D1EBFB27B00FA1E11 /* VerticallyCenteredTextView.swift in Sources */,
				16F7B3CA1EBE7D5E0068FC22 /* MarttinenLocality.swift in Sources */,
				16F7B3D01EBE89440068FC22 /* LocalityViewController.swift in Sources */,
				1640D2061EB69BB700CCBE2C /* HymnViewController.swift in Sources */,
				1640D1E01EB6995400CCBE2C /* AppDelegate.swift in Sources */,
				1640D2081EB6A07A00CCBE2C /* Hymnal.swift in Sources */,
				16F7B3CE1EBE82970068FC22 /* GCDBlackBox.swift in Sources */,
				168CB76B1EBEAF8A00FA1E11 /* ContactViewController.swift in Sources */,
			);
			runOnlyForDeploymentPostprocessing = 0;
		};
/* End PBXSourcesBuildPhase section */

/* Begin PBXVariantGroup section */
		1640D1E31EB6995400CCBE2C /* Main.storyboard */ = {
			isa = PBXVariantGroup;
			children = (
				1640D1E41EB6995400CCBE2C /* Base */,
			);
			name = Main.storyboard;
			sourceTree = "<group>";
		};
		1640D1E81EB6995400CCBE2C /* LaunchScreen.storyboard */ = {
			isa = PBXVariantGroup;
			children = (
				1640D1E91EB6995400CCBE2C /* Base */,
			);
			name = LaunchScreen.storyboard;
			sourceTree = "<group>";
		};
/* End PBXVariantGroup section */

/* Begin XCBuildConfiguration section */
		1640D1EC1EB6995400CCBE2C /* Debug */ = {
			isa = XCBuildConfiguration;
			buildSettings = {
				ALWAYS_SEARCH_USER_PATHS = NO;
				CLANG_ANALYZER_NONNULL = YES;
				CLANG_ANALYZER_NUMBER_OBJECT_CONVERSION = YES_AGGRESSIVE;
				CLANG_CXX_LANGUAGE_STANDARD = "gnu++0x";
				CLANG_CXX_LIBRARY = "libc++";
				CLANG_ENABLE_MODULES = YES;
				CLANG_ENABLE_OBJC_ARC = YES;
				CLANG_WARN_BOOL_CONVERSION = YES;
				CLANG_WARN_CONSTANT_CONVERSION = YES;
				CLANG_WARN_DIRECT_OBJC_ISA_USAGE = YES_ERROR;
				CLANG_WARN_DOCUMENTATION_COMMENTS = YES;
				CLANG_WARN_EMPTY_BODY = YES;
				CLANG_WARN_ENUM_CONVERSION = YES;
				CLANG_WARN_INFINITE_RECURSION = YES;
				CLANG_WARN_INT_CONVERSION = YES;
				CLANG_WARN_OBJC_ROOT_CLASS = YES_ERROR;
				CLANG_WARN_SUSPICIOUS_MOVE = YES;
				CLANG_WARN_UNREACHABLE_CODE = YES;
				CLANG_WARN__DUPLICATE_METHOD_MATCH = YES;
				"CODE_SIGN_IDENTITY[sdk=iphoneos*]" = "iPhone Developer";
				COPY_PHASE_STRIP = NO;
				DEBUG_INFORMATION_FORMAT = dwarf;
				ENABLE_STRICT_OBJC_MSGSEND = YES;
				ENABLE_TESTABILITY = YES;
				GCC_C_LANGUAGE_STANDARD = gnu99;
				GCC_DYNAMIC_NO_PIC = NO;
				GCC_NO_COMMON_BLOCKS = YES;
				GCC_OPTIMIZATION_LEVEL = 0;
				GCC_PREPROCESSOR_DEFINITIONS = (
					"DEBUG=1",
					"$(inherited)",
				);
				GCC_WARN_64_TO_32_BIT_CONVERSION = YES;
				GCC_WARN_ABOUT_RETURN_TYPE = YES_ERROR;
				GCC_WARN_UNDECLARED_SELECTOR = YES;
				GCC_WARN_UNINITIALIZED_AUTOS = YES_AGGRESSIVE;
				GCC_WARN_UNUSED_FUNCTION = YES;
				GCC_WARN_UNUSED_VARIABLE = YES;
				IPHONEOS_DEPLOYMENT_TARGET = 9.0;
				MTL_ENABLE_DEBUG_INFO = YES;
				ONLY_ACTIVE_ARCH = YES;
				SDKROOT = iphoneos;
				SWIFT_ACTIVE_COMPILATION_CONDITIONS = DEBUG;
				SWIFT_OPTIMIZATION_LEVEL = "-Onone";
				TARGETED_DEVICE_FAMILY = "1,2";
			};
			name = Debug;
		};
		1640D1ED1EB6995400CCBE2C /* Release */ = {
			isa = XCBuildConfiguration;
			buildSettings = {
				ALWAYS_SEARCH_USER_PATHS = NO;
				CLANG_ANALYZER_NONNULL = YES;
				CLANG_ANALYZER_NUMBER_OBJECT_CONVERSION = YES_AGGRESSIVE;
				CLANG_CXX_LANGUAGE_STANDARD = "gnu++0x";
				CLANG_CXX_LIBRARY = "libc++";
				CLANG_ENABLE_MODULES = YES;
				CLANG_ENABLE_OBJC_ARC = YES;
				CLANG_WARN_BOOL_CONVERSION = YES;
				CLANG_WARN_CONSTANT_CONVERSION = YES;
				CLANG_WARN_DIRECT_OBJC_ISA_USAGE = YES_ERROR;
				CLANG_WARN_DOCUMENTATION_COMMENTS = YES;
				CLANG_WARN_EMPTY_BODY = YES;
				CLANG_WARN_ENUM_CONVERSION = YES;
				CLANG_WARN_INFINITE_RECURSION = YES;
				CLANG_WARN_INT_CONVERSION = YES;
				CLANG_WARN_OBJC_ROOT_CLASS = YES_ERROR;
				CLANG_WARN_SUSPICIOUS_MOVE = YES;
				CLANG_WARN_UNREACHABLE_CODE = YES;
				CLANG_WARN__DUPLICATE_METHOD_MATCH = YES;
				"CODE_SIGN_IDENTITY[sdk=iphoneos*]" = "iPhone Developer";
				COPY_PHASE_STRIP = NO;
				DEBUG_INFORMATION_FORMAT = "dwarf-with-dsym";
				ENABLE_NS_ASSERTIONS = NO;
				ENABLE_STRICT_OBJC_MSGSEND = YES;
				GCC_C_LANGUAGE_STANDARD = gnu99;
				GCC_NO_COMMON_BLOCKS = YES;
				GCC_WARN_64_TO_32_BIT_CONVERSION = YES;
				GCC_WARN_ABOUT_RETURN_TYPE = YES_ERROR;
				GCC_WARN_UNDECLARED_SELECTOR = YES;
				GCC_WARN_UNINITIALIZED_AUTOS = YES_AGGRESSIVE;
				GCC_WARN_UNUSED_FUNCTION = YES;
				GCC_WARN_UNUSED_VARIABLE = YES;
				IPHONEOS_DEPLOYMENT_TARGET = 9.0;
				MTL_ENABLE_DEBUG_INFO = NO;
				SDKROOT = iphoneos;
				SWIFT_OPTIMIZATION_LEVEL = "-Owholemodule";
				TARGETED_DEVICE_FAMILY = "1,2";
				VALIDATE_PRODUCT = YES;
			};
			name = Release;
		};
		1640D1EF1EB6995400CCBE2C /* Debug */ = {
			isa = XCBuildConfiguration;
			buildSettings = {
				ASSETCATALOG_COMPILER_APPICON_NAME = AppIcon;
				DEVELOPMENT_TEAM = 4CSQ7K6KUF;
				INFOPLIST_FILE = Hymnal/Info.plist;
				IPHONEOS_DEPLOYMENT_TARGET = 9.0;
				LD_RUNPATH_SEARCH_PATHS = "$(inherited) @executable_path/Frameworks";
				PRODUCT_BUNDLE_IDENTIFIER = com.marttinen.Hymnal;
				PRODUCT_NAME = "$(TARGET_NAME)";
				SWIFT_VERSION = 3.0;
			};
			name = Debug;
		};
		1640D1F01EB6995400CCBE2C /* Release */ = {
			isa = XCBuildConfiguration;
			buildSettings = {
				ASSETCATALOG_COMPILER_APPICON_NAME = AppIcon;
				DEVELOPMENT_TEAM = 4CSQ7K6KUF;
				INFOPLIST_FILE = Hymnal/Info.plist;
				IPHONEOS_DEPLOYMENT_TARGET = 9.0;
				LD_RUNPATH_SEARCH_PATHS = "$(inherited) @executable_path/Frameworks";
				PRODUCT_BUNDLE_IDENTIFIER = com.marttinen.Hymnal;
				PRODUCT_NAME = "$(TARGET_NAME)";
				SWIFT_VERSION = 3.0;
			};
			name = Release;
		};
/* End XCBuildConfiguration section */

/* Begin XCConfigurationList section */
		1640D1D71EB6995400CCBE2C /* Build configuration list for PBXProject "Hymnal" */ = {
			isa = XCConfigurationList;
			buildConfigurations = (
				1640D1EC1EB6995400CCBE2C /* Debug */,
				1640D1ED1EB6995400CCBE2C /* Release */,
			);
			defaultConfigurationIsVisible = 0;
			defaultConfigurationName = Release;
		};
		1640D1EE1EB6995400CCBE2C /* Build configuration list for PBXNativeTarget "Hymnal" */ = {
			isa = XCConfigurationList;
			buildConfigurations = (
				1640D1EF1EB6995400CCBE2C /* Debug */,
				1640D1F01EB6995400CCBE2C /* Release */,
			);
			defaultConfigurationIsVisible = 0;
			defaultConfigurationName = Release;
		};
/* End XCConfigurationList section */
	};
	rootObject = 1640D1D41EB6995400CCBE2C /* Project object */;
}
